
Microsoft Visual Studio Solution File, Format Version 12.00
# Visual Studio Version 17
VisualStudioVersion = 17.11.35222.181
MinimumVisualStudioVersion = 10.0.40219.1
Project("{9A19103F-16F7-4668-BE54-9A1E7A4F7556}") = "Assignment2", "Assignment2\Assignment2.csproj", "{79B727F9-80D9-4ACC-95A7-982C7069469C}"
EndProject
Global
	GlobalSection(SolutionConfigurationPlatforms) = preSolution
		Debug|Any CPU = Debug|Any CPU
		Release|Any CPU = Release|Any CPU
	EndGlobalSection
	GlobalSection(ProjectConfigurationPlatforms) = postSolution
		{79B727F9-80D9-4ACC-95A7-982C7069469C}.Debug|Any CPU.ActiveCfg = Debug|Any CPU
		{79B727F9-80D9-4ACC-95A7-982C7069469C}.Debug|Any CPU.Build.0 = Debug|Any CPU
		{79B727F9-80D9-4ACC-95A7-982C7069469C}.Release|Any CPU.ActiveCfg = Release|Any CPU
		{79B727F9-80D9-4ACC-95A7-982C7069469C}.Release|Any CPU.Build.0 = Release|Any CPU
	EndGlobalSection
	GlobalSection(SolutionProperties) = preSolution
		HideSolutionNode = FALSE
	EndGlobalSection
	GlobalSection(ExtensibilityGlobals) = postSolution
		SolutionGuid = {3A2FE3DE-D9CC-4178-B4FA-32081C8AF5D1}
	EndGlobalSection
EndGlobal
